# This file is generated by running "yarn install" inside your project.
# Manual changes might be lost - proceed with caution!

__metadata:
  version: 8
  cacheKey: 10c0

"@babel/runtime@npm:^7.21.0":
  version: 7.24.5
  resolution: "@babel/runtime@npm:7.24.5"
  dependencies:
    regenerator-runtime: "npm:^0.14.0"
  checksum: 10c0/05730e43e8ba6550eae9fd4fb5e7d9d3cb91140379425abcb2a1ff9cebad518a280d82c4c4b0f57ada26a863106ac54a748d90c775790c0e2cd0ddd85ccdf346
  languageName: node
  linkType: hard

"ansi-regex@npm:^5.0.1":
  version: 5.0.1
  resolution: "ansi-regex@npm:5.0.1"
  checksum: 10c0/9a64bb8627b434ba9327b60c027742e5d17ac69277960d041898596271d992d4d52ba7267a63ca10232e29f6107fc8a835f6ce8d719b88c5f8493f8254813737
  languageName: node
  linkType: hard

"ansi-styles@npm:^4.0.0, ansi-styles@npm:^4.1.0":
  version: 4.3.0
  resolution: "ansi-styles@npm:4.3.0"
  dependencies:
    color-convert: "npm:^2.0.1"
  checksum: 10c0/895a23929da416f2bd3de7e9cb4eabd340949328ab85ddd6e484a637d8f6820d485f53933446f5291c3b760cbc488beb8e88573dd0f9c7daf83dccc8fe81b041
  languageName: node
  linkType: hard

"chalk@npm:^4.1.2":
  version: 4.1.2
  resolution: "chalk@npm:4.1.2"
  dependencies:
    ansi-styles: "npm:^4.1.0"
    supports-color: "npm:^7.1.0"
  checksum: 10c0/4a3fef5cc34975c898ffe77141450f679721df9dde00f6c304353fa9c8b571929123b26a0e4617bde5018977eb655b31970c297b91b63ee83bb82aeb04666880
  languageName: node
  linkType: hard

"cliui@npm:^8.0.1":
  version: 8.0.1
  resolution: "cliui@npm:8.0.1"
  dependencies:
    string-width: "npm:^4.2.0"
    strip-ansi: "npm:^6.0.1"
    wrap-ansi: "npm:^7.0.0"
  checksum: 10c0/4bda0f09c340cbb6dfdc1ed508b3ca080f12992c18d68c6be4d9cf51756033d5266e61ec57529e610dacbf4da1c634423b0c1b11037709cc6b09045cbd815df5
  languageName: node
  linkType: hard

"color-convert@npm:^2.0.1":
  version: 2.0.1
  resolution: "color-convert@npm:2.0.1"
  dependencies:
    color-name: "npm:~1.1.4"
  checksum: 10c0/37e1150172f2e311fe1b2df62c6293a342ee7380da7b9cfdba67ea539909afbd74da27033208d01d6d5cfc65ee7868a22e18d7e7648e004425441c0f8a15a7d7
  languageName: node
  linkType: hard

"color-name@npm:~1.1.4":
  version: 1.1.4
  resolution: "color-name@npm:1.1.4"
  checksum: 10c0/a1a3f914156960902f46f7f56bc62effc6c94e84b2cae157a526b1c1f74b677a47ec602bf68a61abfa2b42d15b7c5651c6dbe72a43af720bc588dff885b10f95
  languageName: node
  linkType: hard

"concurrently@npm:^8.2.2":
  version: 8.2.2
  resolution: "concurrently@npm:8.2.2"
  dependencies:
    chalk: "npm:^4.1.2"
    date-fns: "npm:^2.30.0"
    lodash: "npm:^4.17.21"
    rxjs: "npm:^7.8.1"
    shell-quote: "npm:^1.8.1"
    spawn-command: "npm:0.0.2"
    supports-color: "npm:^8.1.1"
    tree-kill: "npm:^1.2.2"
    yargs: "npm:^17.7.2"
  bin:
    conc: dist/bin/concurrently.js
    concurrently: dist/bin/concurrently.js
  checksum: 10c0/0e9683196fe9c071d944345d21d8f34aa6c0cc50c0dd897e95619f2f1c9eb4871dca851b2569da17888235b7335b4c821ca19deed35bebcd9a131ee5d247f34c
  languageName: node
  linkType: hard

"date-fns@npm:^2.30.0":
  version: 2.30.0
  resolution: "date-fns@npm:2.30.0"
  dependencies:
    "@babel/runtime": "npm:^7.21.0"
  checksum: 10c0/e4b521fbf22bc8c3db332bbfb7b094fd3e7627de0259a9d17c7551e2d2702608a7307a449206065916538e384f37b181565447ce2637ae09828427aed9cb5581
  languageName: node
  linkType: hard

"emoji-regex@npm:^8.0.0":
  version: 8.0.0
  resolution: "emoji-regex@npm:8.0.0"
  checksum: 10c0/b6053ad39951c4cf338f9092d7bfba448cdfd46fe6a2a034700b149ac9ffbc137e361cbd3c442297f86bed2e5f7576c1b54cc0a6bf8ef5106cc62f496af35010
  languageName: node
  linkType: hard

"escalade@npm:^3.1.1":
  version: 3.1.2
  resolution: "escalade@npm:3.1.2"
  checksum: 10c0/6b4adafecd0682f3aa1cd1106b8fff30e492c7015b178bc81b2d2f75106dabea6c6d6e8508fc491bd58e597c74abb0e8e2368f943ecb9393d4162e3c2f3cf287
  languageName: node
  linkType: hard

"get-caller-file@npm:^2.0.5":
  version: 2.0.5
  resolution: "get-caller-file@npm:2.0.5"
  checksum: 10c0/c6c7b60271931fa752aeb92f2b47e355eac1af3a2673f47c9589e8f8a41adc74d45551c1bc57b5e66a80609f10ffb72b6f575e4370d61cc3f7f3aaff01757cde
  languageName: node
  linkType: hard

"has-flag@npm:^4.0.0":
  version: 4.0.0
  resolution: "has-flag@npm:4.0.0"
  checksum: 10c0/2e789c61b7888d66993e14e8331449e525ef42aac53c627cc53d1c3334e768bcb6abdc4f5f0de1478a25beec6f0bd62c7549058b7ac53e924040d4f301f02fd1
  languageName: node
  linkType: hard

"is-fullwidth-code-point@npm:^3.0.0":
  version: 3.0.0
  resolution: "is-fullwidth-code-point@npm:3.0.0"
  checksum: 10c0/bb11d825e049f38e04c06373a8d72782eee0205bda9d908cc550ccb3c59b99d750ff9537982e01733c1c94a58e35400661f57042158ff5e8f3e90cf936daf0fc
  languageName: node
  linkType: hard

"lodash@npm:^4.17.21":
  version: 4.17.21
  resolution: "lodash@npm:4.17.21"
  checksum: 10c0/d8cbea072bb08655bb4c989da418994b073a608dffa608b09ac04b43a791b12aeae7cd7ad919aa4c925f33b48490b5cfe6c1f71d827956071dae2e7bb3a6b74c
  languageName: node
  linkType: hard

"petercat@workspace:.":
  version: 0.0.0-use.local
  resolution: "petercat@workspace:."
  dependencies:
    concurrently: "npm:^8.2.2"
  languageName: unknown
  linkType: soft

"regenerator-runtime@npm:^0.14.0":
  version: 0.14.1
  resolution: "regenerator-runtime@npm:0.14.1"
  checksum: 10c0/1b16eb2c4bceb1665c89de70dcb64126a22bc8eb958feef3cd68fe11ac6d2a4899b5cd1b80b0774c7c03591dc57d16631a7f69d2daa2ec98100e2f29f7ec4cc4
  languageName: node
  linkType: hard

"require-directory@npm:^2.1.1":
  version: 2.1.1
  resolution: "require-directory@npm:2.1.1"
  checksum: 10c0/83aa76a7bc1531f68d92c75a2ca2f54f1b01463cb566cf3fbc787d0de8be30c9dbc211d1d46be3497dac5785fe296f2dd11d531945ac29730643357978966e99
  languageName: node
  linkType: hard

"rxjs@npm:^7.8.1":
  version: 7.8.1
  resolution: "rxjs@npm:7.8.1"
  dependencies:
    tslib: "npm:^2.1.0"
  checksum: 10c0/3c49c1ecd66170b175c9cacf5cef67f8914dcbc7cd0162855538d365c83fea631167cacb644b3ce533b2ea0e9a4d0b12175186985f89d75abe73dbd8f7f06f68
  languageName: node
  linkType: hard

"shell-quote@npm:^1.8.1":
  version: 1.8.1
  resolution: "shell-quote@npm:1.8.1"
  checksum: 10c0/8cec6fd827bad74d0a49347057d40dfea1e01f12a6123bf82c4649f3ef152fc2bc6d6176e6376bffcd205d9d0ccb4f1f9acae889384d20baff92186f01ea455a
  languageName: node
  linkType: hard

"spawn-command@npm:0.0.2":
  version: 0.0.2
  resolution: "spawn-command@npm:0.0.2"
  checksum: 10c0/b22f2d71239e6e628a400831861ba747750bbb40c0a53323754cf7b84330b73d81e40ff1f9055e6d1971818679510208a9302e13d9ff3b32feb67e74d7a1b3ef
  languageName: node
  linkType: hard

"string-width@npm:^4.1.0, string-width@npm:^4.2.0, string-width@npm:^4.2.3":
  version: 4.2.3
  resolution: "string-width@npm:4.2.3"
  dependencies:
    emoji-regex: "npm:^8.0.0"
    is-fullwidth-code-point: "npm:^3.0.0"
    strip-ansi: "npm:^6.0.1"
  checksum: 10c0/1e525e92e5eae0afd7454086eed9c818ee84374bb80328fc41217ae72ff5f065ef1c9d7f72da41de40c75fa8bb3dee63d92373fd492c84260a552c636392a47b
  languageName: node
  linkType: hard

"strip-ansi@npm:^6.0.0, strip-ansi@npm:^6.0.1":
  version: 6.0.1
  resolution: "strip-ansi@npm:6.0.1"
  dependencies:
    ansi-regex: "npm:^5.0.1"
  checksum: 10c0/1ae5f212a126fe5b167707f716942490e3933085a5ff6c008ab97ab2f272c8025d3aa218b7bd6ab25729ca20cc81cddb252102f8751e13482a5199e873680952
  languageName: node
  linkType: hard

"supports-color@npm:^7.1.0":
  version: 7.2.0
  resolution: "supports-color@npm:7.2.0"
  dependencies:
    has-flag: "npm:^4.0.0"
  checksum: 10c0/afb4c88521b8b136b5f5f95160c98dee7243dc79d5432db7efc27efb219385bbc7d9427398e43dd6cc730a0f87d5085ce1652af7efbe391327bc0a7d0f7fc124
  languageName: node
  linkType: hard

"supports-color@npm:^8.1.1":
  version: 8.1.1
  resolution: "supports-color@npm:8.1.1"
  dependencies:
    has-flag: "npm:^4.0.0"
  checksum: 10c0/ea1d3c275dd604c974670f63943ed9bd83623edc102430c05adb8efc56ba492746b6e95386e7831b872ec3807fd89dd8eb43f735195f37b5ec343e4234cc7e89
  languageName: node
  linkType: hard

"tree-kill@npm:^1.2.2":
  version: 1.2.2
  resolution: "tree-kill@npm:1.2.2"
  bin:
    tree-kill: cli.js
  checksum: 10c0/7b1b7c7f17608a8f8d20a162e7957ac1ef6cd1636db1aba92f4e072dc31818c2ff0efac1e3d91064ede67ed5dc57c565420531a8134090a12ac10cf792ab14d2
  languageName: node
  linkType: hard

"tslib@npm:^2.1.0":
  version: 2.6.2
  resolution: "tslib@npm:2.6.2"
  checksum: 10c0/e03a8a4271152c8b26604ed45535954c0a45296e32445b4b87f8a5abdb2421f40b59b4ca437c4346af0f28179780d604094eb64546bee2019d903d01c6c19bdb
  languageName: node
  linkType: hard

"wrap-ansi@npm:^7.0.0":
  version: 7.0.0
  resolution: "wrap-ansi@npm:7.0.0"
  dependencies:
    ansi-styles: "npm:^4.0.0"
    string-width: "npm:^4.1.0"
    strip-ansi: "npm:^6.0.0"
  checksum: 10c0/d15fc12c11e4cbc4044a552129ebc75ee3f57aa9c1958373a4db0292d72282f54373b536103987a4a7594db1ef6a4f10acf92978f79b98c49306a4b58c77d4da
  languageName: node
  linkType: hard

"y18n@npm:^5.0.5":
  version: 5.0.8
  resolution: "y18n@npm:5.0.8"
  checksum: 10c0/4df2842c36e468590c3691c894bc9cdbac41f520566e76e24f59401ba7d8b4811eb1e34524d57e54bc6d864bcb66baab7ffd9ca42bf1eda596618f9162b91249
  languageName: node
  linkType: hard

"yargs-parser@npm:^21.1.1":
  version: 21.1.1
  resolution: "yargs-parser@npm:21.1.1"
  checksum: 10c0/f84b5e48169479d2f402239c59f084cfd1c3acc197a05c59b98bab067452e6b3ea46d4dd8ba2985ba7b3d32a343d77df0debd6b343e5dae3da2aab2cdf5886b2
  languageName: node
  linkType: hard

"yargs@npm:^17.7.2":
  version: 17.7.2
  resolution: "yargs@npm:17.7.2"
  dependencies:
    cliui: "npm:^8.0.1"
    escalade: "npm:^3.1.1"
    get-caller-file: "npm:^2.0.5"
    require-directory: "npm:^2.1.1"
    string-width: "npm:^4.2.3"
    y18n: "npm:^5.0.5"
    yargs-parser: "npm:^21.1.1"
  checksum: 10c0/ccd7e723e61ad5965fffbb791366db689572b80cca80e0f96aad968dfff4156cd7cd1ad18607afe1046d8241e6fb2d6c08bf7fa7bfb5eaec818735d8feac8f05
  languageName: node
  linkType: hard
